// !$*UTF8*$!
{
	archiveVersion = 1;
	classes = {
	};
	objectVersion = 56;
	objects = {

/* Begin PBXBuildFile section */
		F0BE9BFB2B4C7D0B00CBDA04 /* PersonalJournalApp.swift in Sources */ = {isa = PBXBuildFile; fileRef = F0BE9BFA2B4C7D0B00CBDA04 /* PersonalJournalApp.swift */; };
		F0BE9BFD2B4C7D0B00CBDA04 /* MenuView.swift in Sources */ = {isa = PBXBuildFile; fileRef = F0BE9BFC2B4C7D0B00CBDA04 /* MenuView.swift */; };
		F0BE9BFF2B4C7D0C00CBDA04 /* Assets.xcassets in Resources */ = {isa = PBXBuildFile; fileRef = F0BE9BFE2B4C7D0C00CBDA04 /* Assets.xcassets */; };
		F0BE9C022B4C7D0C00CBDA04 /* Preview Assets.xcassets in Resources */ = {isa = PBXBuildFile; fileRef = F0BE9C012B4C7D0C00CBDA04 /* Preview Assets.xcassets */; };
		F0BE9C092B4C815D00CBDA04 /* BookJournal.swift in Sources */ = {isa = PBXBuildFile; fileRef = F0BE9C082B4C815D00CBDA04 /* BookJournal.swift */; };
		F0BE9C0B2B4C818300CBDA04 /* SettingsView.swift in Sources */ = {isa = PBXBuildFile; fileRef = F0BE9C0A2B4C818300CBDA04 /* SettingsView.swift */; };
		F0BE9C0D2B4C83A200CBDA04 /* JournalModel.swift in Sources */ = {isa = PBXBuildFile; fileRef = F0BE9C0C2B4C83A200CBDA04 /* JournalModel.swift */; };
		F0BE9C0F2B4C883700CBDA04 /* EntryJournal.swift in Sources */ = {isa = PBXBuildFile; fileRef = F0BE9C0E2B4C883600CBDA04 /* EntryJournal.swift */; };
		F0BE9C112B4C95A200CBDA04 /* PhotoView.swift in Sources */ = {isa = PBXBuildFile; fileRef = F0BE9C102B4C95A200CBDA04 /* PhotoView.swift */; };
/* End PBXBuildFile section */

/* Begin PBXFileReference section */
		F0BE9BF72B4C7D0B00CBDA04 /* PersonalJournal.app */ = {isa = PBXFileReference; explicitFileType = wrapper.application; includeInIndex = 0; path = PersonalJournal.app; sourceTree = BUILT_PRODUCTS_DIR; };
		F0BE9BFA2B4C7D0B00CBDA04 /* PersonalJournalApp.swift */ = {isa = PBXFileReference; lastKnownFileType = sourcecode.swift; path = PersonalJournalApp.swift; sourceTree = "<group>"; };
		F0BE9BFC2B4C7D0B00CBDA04 /* MenuView.swift */ = {isa = PBXFileReference; lastKnownFileType = sourcecode.swift; path = MenuView.swift; sourceTree = "<group>"; };
		F0BE9BFE2B4C7D0C00CBDA04 /* Assets.xcassets */ = {isa = PBXFileReference; lastKnownFileType = folder.assetcatalog; path = Assets.xcassets; sourceTree = "<group>"; };
		F0BE9C012B4C7D0C00CBDA04 /* Preview Assets.xcassets */ = {isa = PBXFileReference; lastKnownFileType = folder.assetcatalog; path = "Preview Assets.xcassets"; sourceTree = "<group>"; };
		F0BE9C082B4C815D00CBDA04 /* BookJournal.swift */ = {isa = PBXFileReference; lastKnownFileType = sourcecode.swift; path = BookJournal.swift; sourceTree = "<group>"; };
		F0BE9C0A2B4C818300CBDA04 /* SettingsView.swift */ = {isa = PBXFileReference; lastKnownFileType = sourcecode.swift; path = SettingsView.swift; sourceTree = "<group>"; };
		F0BE9C0C2B4C83A200CBDA04 /* JournalModel.swift */ = {isa = PBXFileReference; lastKnownFileType = sourcecode.swift; path = JournalModel.swift; sourceTree = "<group>"; };
		F0BE9C0E2B4C883600CBDA04 /* EntryJournal.swift */ = {isa = PBXFileReference; lastKnownFileType = sourcecode.swift; path = EntryJournal.swift; sourceTree = "<group>"; };
		F0BE9C102B4C95A200CBDA04 /* PhotoView.swift */ = {isa = PBXFileReference; lastKnownFileType = sourcecode.swift; path = PhotoView.swift; sourceTree = "<group>"; };
/* End PBXFileReference section */

/* Begin PBXFrameworksBuildPhase section */
		F0BE9BF42B4C7D0B00CBDA04 /* Frameworks */ = {
			isa = PBXFrameworksBuildPhase;
			buildActionMask = 2147483647;
			files = (
			);
			runOnlyForDeploymentPostprocessing = 0;
		};
/* End PBXFrameworksBuildPhase section */

/* Begin PBXGroup section */
		F0BE9BEE2B4C7D0B00CBDA04 = {
			isa = PBXGroup;
			children = (
				F0BE9BF92B4C7D0B00CBDA04 /* PersonalJournal */,
				F0BE9BF82B4C7D0B00CBDA04 /* Products */,
			);
			sourceTree = "<group>";
		};
		F0BE9BF82B4C7D0B00CBDA04 /* Products */ = {
			isa = PBXGroup;
			children = (
				F0BE9BF72B4C7D0B00CBDA04 /* PersonalJournal.app */,
			);
			name = Products;
			sourceTree = "<group>";
		};
		F0BE9BF92B4C7D0B00CBDA04 /* PersonalJournal */ = {
			isa = PBXGroup;
			children = (
				F0BE9BFA2B4C7D0B00CBDA04 /* PersonalJournalApp.swift */,
				F0BE9BFC2B4C7D0B00CBDA04 /* MenuView.swift */,
				F0BE9C082B4C815D00CBDA04 /* BookJournal.swift */,
				F0BE9C0C2B4C83A200CBDA04 /* JournalModel.swift */,
				F0BE9C102B4C95A200CBDA04 /* PhotoView.swift */,
				F0BE9C0A2B4C818300CBDA04 /* SettingsView.swift */,
				F0BE9C0E2B4C883600CBDA04 /* EntryJournal.swift */,
				F0BE9BFE2B4C7D0C00CBDA04 /* Assets.xcassets */,
				F0BE9C002B4C7D0C00CBDA04 /* Preview Content */,
			);
			path = PersonalJournal;
			sourceTree = "<group>";
		};
		F0BE9C002B4C7D0C00CBDA04 /* Preview Content */ = {
			isa = PBXGroup;
			children = (
				F0BE9C012B4C7D0C00CBDA04 /* Preview Assets.xcassets */,
			);
			path = "Preview Content";
			sourceTree = "<group>";
		};
/* End PBXGroup section */

/* Begin PBXNativeTarget section */
		F0BE9BF62B4C7D0B00CBDA04 /* PersonalJournal */ = {
			isa = PBXNativeTarget;
			buildConfigurationList = F0BE9C052B4C7D0C00CBDA04 /* Build configuration list for PBXNativeTarget "PersonalJournal" */;
			buildPhases = (
				F0BE9BF32B4C7D0B00CBDA04 /* Sources */,
				F0BE9BF42B4C7D0B00CBDA04 /* Frameworks */,
				F0BE9BF52B4C7D0B00CBDA04 /* Resources */,
			);
			buildRules = (
			);
			dependencies = (
			);
			name = PersonalJournal;
			productName = PersonalJournal;
			productReference = F0BE9BF72B4C7D0B00CBDA04 /* PersonalJournal.app */;
			productType = "com.apple.product-type.application";
		};
/* End PBXNativeTarget section */

/* Begin PBXProject section */
		F0BE9BEF2B4C7D0B00CBDA04 /* Project object */ = {
			isa = PBXProject;
			attributes = {
				BuildIndependentTargetsInParallel = 1;
				LastSwiftUpdateCheck = 1510;
				LastUpgradeCheck = 1510;
				TargetAttributes = {
					F0BE9BF62B4C7D0B00CBDA04 = {
						CreatedOnToolsVersion = 15.1;
					};
				};
			};
			buildConfigurationList = F0BE9BF22B4C7D0B00CBDA04 /* Build configuration list for PBXProject "PersonalJournal" */;
			compatibilityVersion = "Xcode 14.0";
			developmentRegion = en;
			hasScannedForEncodings = 0;
			knownRegions = (
				en,
				Base,
			);
			mainGroup = F0BE9BEE2B4C7D0B00CBDA04;
			productRefGroup = F0BE9BF82B4C7D0B00CBDA04 /* Products */;
			projectDirPath = "";
			projectRoot = "";
			targets = (
				F0BE9BF62B4C7D0B00CBDA04 /* PersonalJournal */,
			);
		};
/* End PBXProject section */

/* Begin PBXResourcesBuildPhase section */
		F0BE9BF52B4C7D0B00CBDA04 /* Resources */ = {
			isa = PBXResourcesBuildPhase;
			buildActionMask = 2147483647;
			files = (
				F0BE9C022B4C7D0C00CBDA04 /* Preview Assets.xcassets in Resources */,
				F0BE9BFF2B4C7D0C00CBDA04 /* Assets.xcassets in Resources */,
			);
			runOnlyForDeploymentPostprocessing = 0;
		};
/* End PBXResourcesBuildPhase section */

/* Begin PBXSourcesBuildPhase section */
		F0BE9BF32B4C7D0B00CBDA04 /* Sources */ = {
			isa = PBXSourcesBuildPhase;
			buildActionMask = 2147483647;
			files = (
				F0BE9C092B4C815D00CBDA04 /* BookJournal.swift in Sources */,
				F0BE9C0B2B4C818300CBDA04 /* SettingsView.swift in Sources */,
				F0BE9C112B4C95A200CBDA04 /* PhotoView.swift in Sources */,
				F0BE9C0F2B4C883700CBDA04 /* EntryJournal.swift in Sources */,
				F0BE9BFD2B4C7D0B00CBDA04 /* MenuView.swift in Sources */,
				F0BE9C0D2B4C83A200CBDA04 /* JournalModel.swift in Sources */,
				F0BE9BFB2B4C7D0B00CBDA04 /* PersonalJournalApp.swift in Sources */,
			);
			runOnlyForDeploymentPostprocessing = 0;
		};
/* End PBXSourcesBuildPhase section */

/* Begin XCBuildConfiguration section */
		F0BE9C032B4C7D0C00CBDA04 /* Debug */ = {
			isa = XCBuildConfiguration;
			buildSettings = {
				ALWAYS_SEARCH_USER_PATHS = NO;
				ASSETCATALOG_COMPILER_GENERATE_SWIFT_ASSET_SYMBOL_EXTENSIONS = YES;
				CLANG_ANALYZER_NONNULL = YES;
				CLANG_ANALYZER_NUMBER_OBJECT_CONVERSION = YES_AGGRESSIVE;
				CLANG_CXX_LANGUAGE_STANDARD = "gnu++20";
				CLANG_ENABLE_MODULES = YES;
				CLANG_ENABLE_OBJC_ARC = YES;
				CLANG_ENABLE_OBJC_WEAK = YES;
				CLANG_WARN_BLOCK_CAPTURE_AUTORELEASING = YES;
				CLANG_WARN_BOOL_CONVERSION = YES;
				CLANG_WARN_COMMA = YES;
				CLANG_WARN_CONSTANT_CONVERSION = YES;
				CLANG_WARN_DEPRECATED_OBJC_IMPLEMENTATIONS = YES;
				CLANG_WARN_DIRECT_OBJC_ISA_USAGE = YES_ERROR;
				CLANG_WARN_DOCUMENTATION_COMMENTS = YES;
				CLANG_WARN_EMPTY_BODY = YES;
				CLANG_WARN_ENUM_CONVERSION = YES;
				CLANG_WARN_INFINITE_RECURSION = YES;
				CLANG_WARN_INT_CONVERSION = YES;
				CLANG_WARN_NON_LITERAL_NULL_CONVERSION = YES;
				CLANG_WARN_OBJC_IMPLICIT_RETAIN_SELF = YES;
				CLANG_WARN_OBJC_LITERAL_CONVERSION = YES;
				CLANG_WARN_OBJC_ROOT_CLASS = YES_ERROR;
				CLANG_WARN_QUOTED_INCLUDE_IN_FRAMEWORK_HEADER = YES;
				CLANG_WARN_RANGE_LOOP_ANALYSIS = YES;
				CLANG_WARN_STRICT_PROTOTYPES = YES;
				CLANG_WARN_SUSPICIOUS_MOVE = YES;
				CLANG_WARN_UNGUARDED_AVAILABILITY = YES_AGGRESSIVE;
				CLANG_WARN_UNREACHABLE_CODE = YES;
				CLANG_WARN__DUPLICATE_METHOD_MATCH = YES;
				COPY_PHASE_STRIP = NO;
				DEBUG_INFORMATION_FORMAT = dwarf;
				ENABLE_STRICT_OBJC_MSGSEND = YES;
				ENABLE_TESTABILITY = YES;
				ENABLE_USER_SCRIPT_SANDBOXING = YES;
				GCC_C_LANGUAGE_STANDARD = gnu17;
				GCC_DYNAMIC_NO_PIC = NO;
				GCC_NO_COMMON_BLOCKS = YES;
				GCC_OPTIMIZATION_LEVEL = 0;
				GCC_PREPROCESSOR_DEFINITIONS = (
					"DEBUG=1",
					"$(inherited)",
				);
				GCC_WARN_64_TO_32_BIT_CONVERSION = YES;
				GCC_WARN_ABOUT_RETURN_TYPE = YES_ERROR;
				GCC_WARN_UNDECLARED_SELECTOR = YES;
				GCC_WARN_UNINITIALIZED_AUTOS = YES_AGGRESSIVE;
				GCC_WARN_UNUSED_FUNCTION = YES;
				GCC_WARN_UNUSED_VARIABLE = YES;
				IPHONEOS_DEPLOYMENT_TARGET = 17.2;
				LOCALIZATION_PREFERS_STRING_CATALOGS = YES;
				MTL_ENABLE_DEBUG_INFO = INCLUDE_SOURCE;
				MTL_FAST_MATH = YES;
				ONLY_ACTIVE_ARCH = YES;
				SDKROOT = iphoneos;
				SWIFT_ACTIVE_COMPILATION_CONDITIONS = "DEBUG $(inherited)";
				SWIFT_OPTIMIZATION_LEVEL = "-Onone";
			};
			name = Debug;
		};
		F0BE9C042B4C7D0C00CBDA04 /* Release */ = {
			isa = XCBuildConfiguration;
			buildSettings = {
				ALWAYS_SEARCH_USER_PATHS = NO;
				ASSETCATALOG_COMPILER_GENERATE_SWIFT_ASSET_SYMBOL_EXTENSIONS = YES;
				CLANG_ANALYZER_NONNULL = YES;
				CLANG_ANALYZER_NUMBER_OBJECT_CONVERSION = YES_AGGRESSIVE;
				CLANG_CXX_LANGUAGE_STANDARD = "gnu++20";
				CLANG_ENABLE_MODULES = YES;
				CLANG_ENABLE_OBJC_ARC = YES;
				CLANG_ENABLE_OBJC_WEAK = YES;
				CLANG_WARN_BLOCK_CAPTURE_AUTORELEASING = YES;
				CLANG_WARN_BOOL_CONVERSION = YES;
				CLANG_WARN_COMMA = YES;
				CLANG_WARN_CONSTANT_CONVERSION = YES;
				CLANG_WARN_DEPRECATED_OBJC_IMPLEMENTATIONS = YES;
				CLANG_WARN_DIRECT_OBJC_ISA_USAGE = YES_ERROR;
				CLANG_WARN_DOCUMENTATION_COMMENTS = YES;
				CLANG_WARN_EMPTY_BODY = YES;
				CLANG_WARN_ENUM_CONVERSION = YES;
				CLANG_WARN_INFINITE_RECURSION = YES;
				CLANG_WARN_INT_CONVERSION = YES;
				CLANG_WARN_NON_LITERAL_NULL_CONVERSION = YES;
				CLANG_WARN_OBJC_IMPLICIT_RETAIN_SELF = YES;
				CLANG_WARN_OBJC_LITERAL_CONVERSION = YES;
				CLANG_WARN_OBJC_ROOT_CLASS = YES_ERROR;
				CLANG_WARN_QUOTED_INCLUDE_IN_FRAMEWORK_HEADER = YES;
				CLANG_WARN_RANGE_LOOP_ANALYSIS = YES;
				CLANG_WARN_STRICT_PROTOTYPES = YES;
				CLANG_WARN_SUSPICIOUS_MOVE = YES;
				CLANG_WARN_UNGUARDED_AVAILABILITY = YES_AGGRESSIVE;
				CLANG_WARN_UNREACHABLE_CODE = YES;
				CLANG_WARN__DUPLICATE_METHOD_MATCH = YES;
				COPY_PHASE_STRIP = NO;
				DEBUG_INFORMATION_FORMAT = "dwarf-with-dsym";
				ENABLE_NS_ASSERTIONS = NO;
				ENABLE_STRICT_OBJC_MSGSEND = YES;
				ENABLE_USER_SCRIPT_SANDBOXING = YES;
				GCC_C_LANGUAGE_STANDARD = gnu17;
				GCC_NO_COMMON_BLOCKS = YES;
				GCC_WARN_64_TO_32_BIT_CONVERSION = YES;
				GCC_WARN_ABOUT_RETURN_TYPE = YES_ERROR;
				GCC_WARN_UNDECLARED_SELECTOR = YES;
				GCC_WARN_UNINITIALIZED_AUTOS = YES_AGGRESSIVE;
				GCC_WARN_UNUSED_FUNCTION = YES;
				GCC_WARN_UNUSED_VARIABLE = YES;
				IPHONEOS_DEPLOYMENT_TARGET = 17.2;
				LOCALIZATION_PREFERS_STRING_CATALOGS = YES;
				MTL_ENABLE_DEBUG_INFO = NO;
				MTL_FAST_MATH = YES;
				SDKROOT = iphoneos;
				SWIFT_COMPILATION_MODE = wholemodule;
				VALIDATE_PRODUCT = YES;
			};
			name = Release;
		};
		F0BE9C062B4C7D0C00CBDA04 /* Debug */ = {
			isa = XCBuildConfiguration;
			buildSettings = {
				ASSETCATALOG_COMPILER_APPICON_NAME = AppIcon;
				ASSETCATALOG_COMPILER_GLOBAL_ACCENT_COLOR_NAME = AccentColor;
				CODE_SIGN_STYLE = Automatic;
				CURRENT_PROJECT_VERSION = 1;
				DEVELOPMENT_ASSET_PATHS = "\"PersonalJournal/Preview Content\"";
				ENABLE_PREVIEWS = YES;
				GENERATE_INFOPLIST_FILE = YES;
				INFOPLIST_KEY_UIApplicationSceneManifest_Generation = YES;
				INFOPLIST_KEY_UIApplicationSupportsIndirectInputEvents = YES;
				INFOPLIST_KEY_UILaunchScreen_Generation = YES;
				INFOPLIST_KEY_UISupportedInterfaceOrientations_iPad = "UIInterfaceOrientationPortrait UIInterfaceOrientationPortraitUpsideDown UIInterfaceOrientationLandscapeLeft UIInterfaceOrientationLandscapeRight";
				INFOPLIST_KEY_UISupportedInterfaceOrientations_iPhone = "UIInterfaceOrientationPortrait UIInterfaceOrientationLandscapeLeft UIInterfaceOrientationLandscapeRight";
				LD_RUNPATH_SEARCH_PATHS = (
					"$(inherited)",
					"@executable_path/Frameworks",
				);
				MARKETING_VERSION = 1.0;
				PRODUCT_BUNDLE_IDENTIFIER = irisgalgal.PersonalJournal;
				PRODUCT_NAME = "$(TARGET_NAME)";
				SWIFT_EMIT_LOC_STRINGS = YES;
				SWIFT_VERSION = 5.0;
				TARGETED_DEVICE_FAMILY = "1,2";
			};
			name = Debug;
		};
		F0BE9C072B4C7D0C00CBDA04 /* Release */ = {
			isa = XCBuildConfiguration;
			buildSettings = {
				ASSETCATALOG_COMPILER_APPICON_NAME = AppIcon;
				ASSETCATALOG_COMPILER_GLOBAL_ACCENT_COLOR_NAME = AccentColor;
				CODE_SIGN_STYLE = Automatic;
				CURRENT_PROJECT_VERSION = 1;
				DEVELOPMENT_ASSET_PATHS = "\"PersonalJournal/Preview Content\"";
				ENABLE_PREVIEWS = YES;
				GENERATE_INFOPLIST_FILE = YES;
				INFOPLIST_KEY_UIApplicationSceneManifest_Generation = YES;
				INFOPLIST_KEY_UIApplicationSupportsIndirectInputEvents = YES;
				INFOPLIST_KEY_UILaunchScreen_Generation = YES;
				INFOPLIST_KEY_UISupportedInterfaceOrientations_iPad = "UIInterfaceOrientationPortrait UIInterfaceOrientationPortraitUpsideDown UIInterfaceOrientationLandscapeLeft UIInterfaceOrientationLandscapeRight";
				INFOPLIST_KEY_UISupportedInterfaceOrientations_iPhone = "UIInterfaceOrientationPortrait UIInterfaceOrientationLandscapeLeft UIInterfaceOrientationLandscapeRight";
				LD_RUNPATH_SEARCH_PATHS = (
					"$(inherited)",
					"@executable_path/Frameworks",
				);
				MARKETING_VERSION = 1.0;
				PRODUCT_BUNDLE_IDENTIFIER = irisgalgal.PersonalJournal;
				PRODUCT_NAME = "$(TARGET_NAME)";
				SWIFT_EMIT_LOC_STRINGS = YES;
				SWIFT_VERSION = 5.0;
				TARGETED_DEVICE_FAMILY = "1,2";
			};
			name = Release;
		};
/* End XCBuildConfiguration section */

/* Begin XCConfigurationList section */
		F0BE9BF22B4C7D0B00CBDA04 /* Build configuration list for PBXProject "PersonalJournal" */ = {
			isa = XCConfigurationList;
			buildConfigurations = (
				F0BE9C032B4C7D0C00CBDA04 /* Debug */,
				F0BE9C042B4C7D0C00CBDA04 /* Release */,
			);
			defaultConfigurationIsVisible = 0;
			defaultConfigurationName = Release;
		};
		F0BE9C052B4C7D0C00CBDA04 /* Build configuration list for PBXNativeTarget "PersonalJournal" */ = {
			isa = XCConfigurationList;
			buildConfigurations = (
				F0BE9C062B4C7D0C00CBDA04 /* Debug */,
				F0BE9C072B4C7D0C00CBDA04 /* Release */,
			);
			defaultConfigurationIsVisible = 0;
			defaultConfigurationName = Release;
		};
/* End XCConfigurationList section */
	};
	rootObject = F0BE9BEF2B4C7D0B00CBDA04 /* Project object */;
}
